
Microsoft Visual Studio Solution File, Format Version 12.00
# Visual Studio Version 17
VisualStudioVersion = 17.7.34221.43
MinimumVisualStudioVersion = 10.0.40219.1
Project("{9A19103F-16F7-4668-BE54-9A1E7A4F7556}") = "W01", "W01\W01.csproj", "{C034EDD3-1F57-44A6-849E-4DE94F68376D}"
EndProject
Project("{FAE04EC0-301F-11D3-BF4B-00C04F79EFBC}") = "W02", "W02\W02.csproj", "{E6146033-9FDA-416D-A022-BDEDA0F07D2E}"
EndProject
Project("{FAE04EC0-301F-11D3-BF4B-00C04F79EFBC}") = "W03", "W03\W03.csproj", "{91234CCE-6F75-41E4-B50D-E8AC84DA91AC}"
EndProject
Project("{FAE04EC0-301F-11D3-BF4B-00C04F79EFBC}") = "W04", "W04\W04.csproj", "{F4E256FB-8182-4327-A42C-BF4FF9B562D7}"
EndProject
Project("{FAE04EC0-301F-11D3-BF4B-00C04F79EFBC}") = "W05", "W05\W05.csproj", "{EF151A7F-C330-434A-952B-03F837D6BC3D}"
EndProject
Project("{FAE04EC0-301F-11D3-BF4B-00C04F79EFBC}") = "TestAssembly", "TestAssembly\TestAssembly.csproj", "{7B064A79-BB7D-4FB8-91C8-1AC4C1FEFA87}"
EndProject
Project("{FAE04EC0-301F-11D3-BF4B-00C04F79EFBC}") = "W06", "W06\W06.csproj", "{104C6CAE-1F61-42AD-9DD0-7EA5A04E92E5}"
EndProject
Global
	GlobalSection(SolutionConfigurationPlatforms) = preSolution
		Debug|Any CPU = Debug|Any CPU
		Release|Any CPU = Release|Any CPU
	EndGlobalSection
	GlobalSection(ProjectConfigurationPlatforms) = postSolution
		{C034EDD3-1F57-44A6-849E-4DE94F68376D}.Debug|Any CPU.ActiveCfg = Debug|Any CPU
		{C034EDD3-1F57-44A6-849E-4DE94F68376D}.Debug|Any CPU.Build.0 = Debug|Any CPU
		{C034EDD3-1F57-44A6-849E-4DE94F68376D}.Release|Any CPU.ActiveCfg = Release|Any CPU
		{C034EDD3-1F57-44A6-849E-4DE94F68376D}.Release|Any CPU.Build.0 = Release|Any CPU
		{E6146033-9FDA-416D-A022-BDEDA0F07D2E}.Debug|Any CPU.ActiveCfg = Debug|Any CPU
		{E6146033-9FDA-416D-A022-BDEDA0F07D2E}.Debug|Any CPU.Build.0 = Debug|Any CPU
		{E6146033-9FDA-416D-A022-BDEDA0F07D2E}.Release|Any CPU.ActiveCfg = Release|Any CPU
		{E6146033-9FDA-416D-A022-BDEDA0F07D2E}.Release|Any CPU.Build.0 = Release|Any CPU
		{91234CCE-6F75-41E4-B50D-E8AC84DA91AC}.Debug|Any CPU.ActiveCfg = Debug|Any CPU
		{91234CCE-6F75-41E4-B50D-E8AC84DA91AC}.Debug|Any CPU.Build.0 = Debug|Any CPU
		{91234CCE-6F75-41E4-B50D-E8AC84DA91AC}.Release|Any CPU.ActiveCfg = Release|Any CPU
		{91234CCE-6F75-41E4-B50D-E8AC84DA91AC}.Release|Any CPU.Build.0 = Release|Any CPU
		{F4E256FB-8182-4327-A42C-BF4FF9B562D7}.Debug|Any CPU.ActiveCfg = Debug|Any CPU
		{F4E256FB-8182-4327-A42C-BF4FF9B562D7}.Debug|Any CPU.Build.0 = Debug|Any CPU
		{F4E256FB-8182-4327-A42C-BF4FF9B562D7}.Release|Any CPU.ActiveCfg = Release|Any CPU
		{F4E256FB-8182-4327-A42C-BF4FF9B562D7}.Release|Any CPU.Build.0 = Release|Any CPU
		{EF151A7F-C330-434A-952B-03F837D6BC3D}.Debug|Any CPU.ActiveCfg = Debug|Any CPU
		{EF151A7F-C330-434A-952B-03F837D6BC3D}.Debug|Any CPU.Build.0 = Debug|Any CPU
		{EF151A7F-C330-434A-952B-03F837D6BC3D}.Release|Any CPU.ActiveCfg = Release|Any CPU
		{EF151A7F-C330-434A-952B-03F837D6BC3D}.Release|Any CPU.Build.0 = Release|Any CPU
		{7B064A79-BB7D-4FB8-91C8-1AC4C1FEFA87}.Debug|Any CPU.ActiveCfg = Debug|Any CPU
		{7B064A79-BB7D-4FB8-91C8-1AC4C1FEFA87}.Debug|Any CPU.Build.0 = Debug|Any CPU
		{7B064A79-BB7D-4FB8-91C8-1AC4C1FEFA87}.Release|Any CPU.ActiveCfg = Release|Any CPU
		{7B064A79-BB7D-4FB8-91C8-1AC4C1FEFA87}.Release|Any CPU.Build.0 = Release|Any CPU
		{104C6CAE-1F61-42AD-9DD0-7EA5A04E92E5}.Debug|Any CPU.ActiveCfg = Debug|Any CPU
		{104C6CAE-1F61-42AD-9DD0-7EA5A04E92E5}.Debug|Any CPU.Build.0 = Debug|Any CPU
		{104C6CAE-1F61-42AD-9DD0-7EA5A04E92E5}.Release|Any CPU.ActiveCfg = Release|Any CPU
		{104C6CAE-1F61-42AD-9DD0-7EA5A04E92E5}.Release|Any CPU.Build.0 = Release|Any CPU
	EndGlobalSection
	GlobalSection(SolutionProperties) = preSolution
		HideSolutionNode = FALSE
	EndGlobalSection
	GlobalSection(ExtensibilityGlobals) = postSolution
		SolutionGuid = {E3E89B22-5C09-4DDE-B990-07D74657540E}
	EndGlobalSection
EndGlobal
